
Microsoft Visual Studio Solution File, Format Version 12.00
# Visual Studio Version 16
VisualStudioVersion = 16.0.31019.35
MinimumVisualStudioVersion = 10.0.40219.1
Project("{FAE04EC0-301F-11D3-BF4B-00C04F79EFBC}") = "Store.PresentationLayer", "Store.PresentationLayer\Store.PresentationLayer.csproj", "{47E86E4E-50A3-4CB0-9D2C-904B03B8DDCA}"
EndProject
Project("{FAE04EC0-301F-11D3-BF4B-00C04F79EFBC}") = "Store.BusinessLogicLayer", "Store.BusinessLogicLayer\Store.BusinessLogicLayer.csproj", "{6617C0C6-00B7-4E91-8418-AD6E566D68C6}"
EndProject
Project("{FAE04EC0-301F-11D3-BF4B-00C04F79EFBC}") = "Store.DataAccessLayer", "Store.DataAccessLayer\Store.DataAccessLayer.csproj", "{9792A282-D58B-4E70-935A-5948E41D51B2}"
EndProject
Global
	GlobalSection(SolutionConfigurationPlatforms) = preSolution
		Debug|Any CPU = Debug|Any CPU
		Release|Any CPU = Release|Any CPU
	EndGlobalSection
	GlobalSection(ProjectConfigurationPlatforms) = postSolution
		{47E86E4E-50A3-4CB0-9D2C-904B03B8DDCA}.Debug|Any CPU.ActiveCfg = Debug|Any CPU
		{47E86E4E-50A3-4CB0-9D2C-904B03B8DDCA}.Debug|Any CPU.Build.0 = Debug|Any CPU
		{47E86E4E-50A3-4CB0-9D2C-904B03B8DDCA}.Release|Any CPU.ActiveCfg = Release|Any CPU
		{47E86E4E-50A3-4CB0-9D2C-904B03B8DDCA}.Release|Any CPU.Build.0 = Release|Any CPU
		{6617C0C6-00B7-4E91-8418-AD6E566D68C6}.Debug|Any CPU.ActiveCfg = Debug|Any CPU
		{6617C0C6-00B7-4E91-8418-AD6E566D68C6}.Debug|Any CPU.Build.0 = Debug|Any CPU
		{6617C0C6-00B7-4E91-8418-AD6E566D68C6}.Release|Any CPU.ActiveCfg = Release|Any CPU
		{6617C0C6-00B7-4E91-8418-AD6E566D68C6}.Release|Any CPU.Build.0 = Release|Any CPU
		{9792A282-D58B-4E70-935A-5948E41D51B2}.Debug|Any CPU.ActiveCfg = Debug|Any CPU
		{9792A282-D58B-4E70-935A-5948E41D51B2}.Debug|Any CPU.Build.0 = Debug|Any CPU
		{9792A282-D58B-4E70-935A-5948E41D51B2}.Release|Any CPU.ActiveCfg = Release|Any CPU
		{9792A282-D58B-4E70-935A-5948E41D51B2}.Release|Any CPU.Build.0 = Release|Any CPU
	EndGlobalSection
	GlobalSection(SolutionProperties) = preSolution
		HideSolutionNode = FALSE
	EndGlobalSection
	GlobalSection(ExtensibilityGlobals) = postSolution
		SolutionGuid = {E40EF8B4-9AC7-4F32-A406-8639613163E9}
	EndGlobalSection
EndGlobal
